
Microsoft Visual Studio Solution File, Format Version 12.00
# Visual Studio Version 16
VisualStudioVersion = 16.0.34031.81
MinimumVisualStudioVersion = 10.0.40219.1
Project("{FAE04EC0-301F-11D3-BF4B-00C04F79EFBC}") = "SMS", "SMS\SMS.csproj", "{2D72A802-AB7F-41F2-A531-361BF5AB92D5}"
EndProject
Global
	GlobalSection(SolutionConfigurationPlatforms) = preSolution
		Debug|Any CPU = Debug|Any CPU
		Release|Any CPU = Release|Any CPU
	EndGlobalSection
	GlobalSection(ProjectConfigurationPlatforms) = postSolution
		{2D72A802-AB7F-41F2-A531-361BF5AB92D5}.Debug|Any CPU.ActiveCfg = Debug|Any CPU
		{2D72A802-AB7F-41F2-A531-361BF5AB92D5}.Debug|Any CPU.Build.0 = Debug|Any CPU
		{2D72A802-AB7F-41F2-A531-361BF5AB92D5}.Release|Any CPU.ActiveCfg = Release|Any CPU
		{2D72A802-AB7F-41F2-A531-361BF5AB92D5}.Release|Any CPU.Build.0 = Release|Any CPU
	EndGlobalSection
	GlobalSection(SolutionProperties) = preSolution
		HideSolutionNode = FALSE
	EndGlobalSection
	GlobalSection(ExtensibilityGlobals) = postSolution
		SolutionGuid = {46AB9383-743B-474B-9A16-3DE9637589E7}
	EndGlobalSection
EndGlobal
